{
    "_meta": {
        "hash": {
            "sha256": "22ec3f91edff152c64476c19d278a59a6d3e7ca47871f3f62dda8b9aafdd9a48"
        },
        "pipfile-spec": 1,
        "requires": {},
        "sources": [
            {
                "url": "https://pypi.python.org/simple",
                "verify_ssl": true
            }
        ]
    },
    "default": {
        "click": {
            "version": "==6.7"
        },
        "flask": {
            "version": "==0.12.2"
        },
        "gunicorn": {
            "version": "==19.7.1"
        },
        "itsdangerous": {
            "version": "==0.24"
        },
        "jinja2": {
            "version": "==2.9.6"
        },
        "markupsafe": {
            "version": "==1.0"
        },
        "werkzeug": {
            "version": "==0.12.2"
        }
    },
    "develop": {}
}
